
Microsoft Visual Studio Solution File, Format Version 12.00
# Visual Studio Version 17
VisualStudioVersion = 17.6.33801.468
MinimumVisualStudioVersion = 10.0.40219.1
Project("{FAE04EC0-301F-11D3-BF4B-00C04F79EFBC}") = "Implement a school system.", "..\Implement a school system\Implement a school system\Implement a school system..csproj", "{D1FDC315-C619-436C-BD65-2E68514F0710}"
EndProject
Global
	GlobalSection(SolutionConfigurationPlatforms) = preSolution
		Debug|Any CPU = Debug|Any CPU
		Release|Any CPU = Release|Any CPU
	EndGlobalSection
	GlobalSection(ProjectConfigurationPlatforms) = postSolution
		{D1FDC315-C619-436C-BD65-2E68514F0710}.Debug|Any CPU.ActiveCfg = Debug|Any CPU
		{D1FDC315-C619-436C-BD65-2E68514F0710}.Debug|Any CPU.Build.0 = Debug|Any CPU
		{D1FDC315-C619-436C-BD65-2E68514F0710}.Release|Any CPU.ActiveCfg = Release|Any CPU
		{D1FDC315-C619-436C-BD65-2E68514F0710}.Release|Any CPU.Build.0 = Release|Any CPU
	EndGlobalSection
	GlobalSection(SolutionProperties) = preSolution
		HideSolutionNode = FALSE
	EndGlobalSection
	GlobalSection(ExtensibilityGlobals) = postSolution
		SolutionGuid = {322959C6-1927-4CE4-B196-FE703DC1ECE8}
	EndGlobalSection
EndGlobal
